<Solution>
  <Project Path="UserService.Application/UserService.Application.csproj" />
  <Project Path="UserService.Core/UserService.Core.csproj" />
  <Project Path="UserService.Infrastructure/UserService.Infrastructure.csproj" />
  <Project Path="UserService.WebApi/UserService.WebApi.csproj" />
</Solution>
